
Microsoft Visual Studio Solution File, Format Version 12.00
# Visual Studio 15
VisualStudioVersion = 15.0.27428.2002
MinimumVisualStudioVersion = 10.0.40219.1
Project("{FAE04EC0-301F-11D3-BF4B-00C04F79EFBC}") = "PapaBobs.Web", "PapaBobs.Web\PapaBobs.Web.csproj", "{625D34C3-3BBE-4BFD-A701-35650544FB44}"
EndProject
Project("{FAE04EC0-301F-11D3-BF4B-00C04F79EFBC}") = "PapaBobs.Domain", "PapaBobs.Domain\PapaBobs.Domain.csproj", "{C8A53EDF-22D5-4171-BC6A-8E07963A278F}"
EndProject
Project("{FAE04EC0-301F-11D3-BF4B-00C04F79EFBC}") = "PapaBobs.DTO", "PapaBobs.DTO\PapaBobs.DTO.csproj", "{B76EEBDB-6F5E-43B4-9BB2-6DF7505172F6}"
EndProject
Project("{FAE04EC0-301F-11D3-BF4B-00C04F79EFBC}") = "PapaBobs.Persistence", "PapaBobs.Persistence\PapaBobs.Persistence.csproj", "{EB009BE1-A28C-42B6-A3CE-7EAD51C16E01}"
EndProject
Global
	GlobalSection(SolutionConfigurationPlatforms) = preSolution
		Debug|Any CPU = Debug|Any CPU
		Release|Any CPU = Release|Any CPU
	EndGlobalSection
	GlobalSection(ProjectConfigurationPlatforms) = postSolution
		{625D34C3-3BBE-4BFD-A701-35650544FB44}.Debug|Any CPU.ActiveCfg = Debug|Any CPU
		{625D34C3-3BBE-4BFD-A701-35650544FB44}.Debug|Any CPU.Build.0 = Debug|Any CPU
		{625D34C3-3BBE-4BFD-A701-35650544FB44}.Release|Any CPU.ActiveCfg = Release|Any CPU
		{625D34C3-3BBE-4BFD-A701-35650544FB44}.Release|Any CPU.Build.0 = Release|Any CPU
		{C8A53EDF-22D5-4171-BC6A-8E07963A278F}.Debug|Any CPU.ActiveCfg = Debug|Any CPU
		{C8A53EDF-22D5-4171-BC6A-8E07963A278F}.Debug|Any CPU.Build.0 = Debug|Any CPU
		{C8A53EDF-22D5-4171-BC6A-8E07963A278F}.Release|Any CPU.ActiveCfg = Release|Any CPU
		{C8A53EDF-22D5-4171-BC6A-8E07963A278F}.Release|Any CPU.Build.0 = Release|Any CPU
		{B76EEBDB-6F5E-43B4-9BB2-6DF7505172F6}.Debug|Any CPU.ActiveCfg = Debug|Any CPU
		{B76EEBDB-6F5E-43B4-9BB2-6DF7505172F6}.Debug|Any CPU.Build.0 = Debug|Any CPU
		{B76EEBDB-6F5E-43B4-9BB2-6DF7505172F6}.Release|Any CPU.ActiveCfg = Release|Any CPU
		{B76EEBDB-6F5E-43B4-9BB2-6DF7505172F6}.Release|Any CPU.Build.0 = Release|Any CPU
		{EB009BE1-A28C-42B6-A3CE-7EAD51C16E01}.Debug|Any CPU.ActiveCfg = Debug|Any CPU
		{EB009BE1-A28C-42B6-A3CE-7EAD51C16E01}.Debug|Any CPU.Build.0 = Debug|Any CPU
		{EB009BE1-A28C-42B6-A3CE-7EAD51C16E01}.Release|Any CPU.ActiveCfg = Release|Any CPU
		{EB009BE1-A28C-42B6-A3CE-7EAD51C16E01}.Release|Any CPU.Build.0 = Release|Any CPU
	EndGlobalSection
	GlobalSection(SolutionProperties) = preSolution
		HideSolutionNode = FALSE
	EndGlobalSection
	GlobalSection(ExtensibilityGlobals) = postSolution
		SolutionGuid = {4AF72996-BDF1-46CE-BAF8-2E3047F478C4}
	EndGlobalSection
EndGlobal
